
Microsoft Visual Studio Solution File, Format Version 12.00
# Visual Studio Version 17
VisualStudioVersion = 17.0.31903.59
MinimumVisualStudioVersion = 10.0.40219.1
Project("{FAE04EC0-301F-11D3-BF4B-00C04F79EFBC}") = "MyApp.Domain", "MyApp.Domain\MyApp.Domain.csproj", "{1C29AD50-9B6B-4B79-A428-37E849137FCE}"
EndProject
Project("{FAE04EC0-301F-11D3-BF4B-00C04F79EFBC}") = "MyApp.Application", "MyApp.Application\MyApp.Application.csproj", "{64AD2087-FA96-40BA-9603-D6465093566F}"
EndProject
Project("{FAE04EC0-301F-11D3-BF4B-00C04F79EFBC}") = "MyApp.Infrastructure", "MyApp.Infrastructure\MyApp.Infrastructure.csproj", "{1DA404FD-9819-4EB4-AC4A-424B723DA690}"
EndProject
Project("{FAE04EC0-301F-11D3-BF4B-00C04F79EFBC}") = "MyApp.Presentation", "MyApp.Presentation\MyApp.Presentation.csproj", "{C1ED8F45-DB79-4CFD-9BA8-AD04E479ED40}"
EndProject
Global
	GlobalSection(SolutionConfigurationPlatforms) = preSolution
		Debug|Any CPU = Debug|Any CPU
		Debug|x64 = Debug|x64
		Debug|x86 = Debug|x86
		Release|Any CPU = Release|Any CPU
		Release|x64 = Release|x64
		Release|x86 = Release|x86
	EndGlobalSection
	GlobalSection(ProjectConfigurationPlatforms) = postSolution
		{1C29AD50-9B6B-4B79-A428-37E849137FCE}.Debug|Any CPU.ActiveCfg = Debug|Any CPU
		{1C29AD50-9B6B-4B79-A428-37E849137FCE}.Debug|Any CPU.Build.0 = Debug|Any CPU
		{1C29AD50-9B6B-4B79-A428-37E849137FCE}.Debug|x64.ActiveCfg = Debug|Any CPU
		{1C29AD50-9B6B-4B79-A428-37E849137FCE}.Debug|x64.Build.0 = Debug|Any CPU
		{1C29AD50-9B6B-4B79-A428-37E849137FCE}.Debug|x86.ActiveCfg = Debug|Any CPU
		{1C29AD50-9B6B-4B79-A428-37E849137FCE}.Debug|x86.Build.0 = Debug|Any CPU
		{1C29AD50-9B6B-4B79-A428-37E849137FCE}.Release|Any CPU.ActiveCfg = Release|Any CPU
		{1C29AD50-9B6B-4B79-A428-37E849137FCE}.Release|Any CPU.Build.0 = Release|Any CPU
		{1C29AD50-9B6B-4B79-A428-37E849137FCE}.Release|x64.ActiveCfg = Release|Any CPU
		{1C29AD50-9B6B-4B79-A428-37E849137FCE}.Release|x64.Build.0 = Release|Any CPU
		{1C29AD50-9B6B-4B79-A428-37E849137FCE}.Release|x86.ActiveCfg = Release|Any CPU
		{1C29AD50-9B6B-4B79-A428-37E849137FCE}.Release|x86.Build.0 = Release|Any CPU
		{64AD2087-FA96-40BA-9603-D6465093566F}.Debug|Any CPU.ActiveCfg = Debug|Any CPU
		{64AD2087-FA96-40BA-9603-D6465093566F}.Debug|Any CPU.Build.0 = Debug|Any CPU
		{64AD2087-FA96-40BA-9603-D6465093566F}.Debug|x64.ActiveCfg = Debug|Any CPU
		{64AD2087-FA96-40BA-9603-D6465093566F}.Debug|x64.Build.0 = Debug|Any CPU
		{64AD2087-FA96-40BA-9603-D6465093566F}.Debug|x86.ActiveCfg = Debug|Any CPU
		{64AD2087-FA96-40BA-9603-D6465093566F}.Debug|x86.Build.0 = Debug|Any CPU
		{64AD2087-FA96-40BA-9603-D6465093566F}.Release|Any CPU.ActiveCfg = Release|Any CPU
		{64AD2087-FA96-40BA-9603-D6465093566F}.Release|Any CPU.Build.0 = Release|Any CPU
		{64AD2087-FA96-40BA-9603-D6465093566F}.Release|x64.ActiveCfg = Release|Any CPU
		{64AD2087-FA96-40BA-9603-D6465093566F}.Release|x64.Build.0 = Release|Any CPU
		{64AD2087-FA96-40BA-9603-D6465093566F}.Release|x86.ActiveCfg = Release|Any CPU
		{64AD2087-FA96-40BA-9603-D6465093566F}.Release|x86.Build.0 = Release|Any CPU
		{1DA404FD-9819-4EB4-AC4A-424B723DA690}.Debug|Any CPU.ActiveCfg = Debug|Any CPU
		{1DA404FD-9819-4EB4-AC4A-424B723DA690}.Debug|Any CPU.Build.0 = Debug|Any CPU
		{1DA404FD-9819-4EB4-AC4A-424B723DA690}.Debug|x64.ActiveCfg = Debug|Any CPU
		{1DA404FD-9819-4EB4-AC4A-424B723DA690}.Debug|x64.Build.0 = Debug|Any CPU
		{1DA404FD-9819-4EB4-AC4A-424B723DA690}.Debug|x86.ActiveCfg = Debug|Any CPU
		{1DA404FD-9819-4EB4-AC4A-424B723DA690}.Debug|x86.Build.0 = Debug|Any CPU
		{1DA404FD-9819-4EB4-AC4A-424B723DA690}.Release|Any CPU.ActiveCfg = Release|Any CPU
		{1DA404FD-9819-4EB4-AC4A-424B723DA690}.Release|Any CPU.Build.0 = Release|Any CPU
		{1DA404FD-9819-4EB4-AC4A-424B723DA690}.Release|x64.ActiveCfg = Release|Any CPU
		{1DA404FD-9819-4EB4-AC4A-424B723DA690}.Release|x64.Build.0 = Release|Any CPU
		{1DA404FD-9819-4EB4-AC4A-424B723DA690}.Release|x86.ActiveCfg = Release|Any CPU
		{1DA404FD-9819-4EB4-AC4A-424B723DA690}.Release|x86.Build.0 = Release|Any CPU
		{C1ED8F45-DB79-4CFD-9BA8-AD04E479ED40}.Debug|Any CPU.ActiveCfg = Debug|Any CPU
		{C1ED8F45-DB79-4CFD-9BA8-AD04E479ED40}.Debug|Any CPU.Build.0 = Debug|Any CPU
		{C1ED8F45-DB79-4CFD-9BA8-AD04E479ED40}.Debug|x64.ActiveCfg = Debug|Any CPU
		{C1ED8F45-DB79-4CFD-9BA8-AD04E479ED40}.Debug|x64.Build.0 = Debug|Any CPU
		{C1ED8F45-DB79-4CFD-9BA8-AD04E479ED40}.Debug|x86.ActiveCfg = Debug|Any CPU
		{C1ED8F45-DB79-4CFD-9BA8-AD04E479ED40}.Debug|x86.Build.0 = Debug|Any CPU
		{C1ED8F45-DB79-4CFD-9BA8-AD04E479ED40}.Release|Any CPU.ActiveCfg = Release|Any CPU
		{C1ED8F45-DB79-4CFD-9BA8-AD04E479ED40}.Release|Any CPU.Build.0 = Release|Any CPU
		{C1ED8F45-DB79-4CFD-9BA8-AD04E479ED40}.Release|x64.ActiveCfg = Release|Any CPU
		{C1ED8F45-DB79-4CFD-9BA8-AD04E479ED40}.Release|x64.Build.0 = Release|Any CPU
		{C1ED8F45-DB79-4CFD-9BA8-AD04E479ED40}.Release|x86.ActiveCfg = Release|Any CPU
		{C1ED8F45-DB79-4CFD-9BA8-AD04E479ED40}.Release|x86.Build.0 = Release|Any CPU
	EndGlobalSection
	GlobalSection(SolutionProperties) = preSolution
		HideSolutionNode = FALSE
	EndGlobalSection
EndGlobal
